
Microsoft Visual Studio Solution File, Format Version 12.00
Project("{FAE04EC0-301F-11D3-BF4B-00C04F79EFBC}") = "Day1Ex1", "Day1Ex1\Day1Ex1.csproj", "{39CE891E-BD6E-41AE-B111-8B0972E35E93}"
EndProject
Project("{FAE04EC0-301F-11D3-BF4B-00C04F79EFBC}") = "Day1Ex2", "Day1Ex2\Day1Ex2.csproj", "{C12F4078-952C-4033-B776-F676BCBFF468}"
EndProject
Project("{FAE04EC0-301F-11D3-BF4B-00C04F79EFBC}") = "Day2Ex1", "Day2Ex1\Day2Ex1.csproj", "{0AF40665-C1D9-416E-BCE9-D948949D4E30}"
EndProject
Project("{FAE04EC0-301F-11D3-BF4B-00C04F79EFBC}") = "Day2Ex2", "Day2Ex2\Day2Ex2.csproj", "{BA30FF11-BC41-4213-99EB-7E098653745F}"
EndProject
Project("{FAE04EC0-301F-11D3-BF4B-00C04F79EFBC}") = "Day3Ex1", "Day3Ex1\Day3Ex1.csproj", "{338DC37E-33B9-464E-B2B2-22B76522DB63}"
EndProject
Project("{FAE04EC0-301F-11D3-BF4B-00C04F79EFBC}") = "Day3Ex2", "Day3Ex2\Day3Ex2.csproj", "{25B951ED-7265-4593-AE26-5FBE20F68774}"
EndProject
Project("{FAE04EC0-301F-11D3-BF4B-00C04F79EFBC}") = "Day4Ex1", "Day4Ex1\Day4Ex1.csproj", "{B01C933C-4F03-4D4B-883D-699F04AF62A0}"
EndProject
Project("{FAE04EC0-301F-11D3-BF4B-00C04F79EFBC}") = "Day4Ex2", "Day4Ex2\Day4Ex2.csproj", "{8FEA4EBE-FFFB-482E-9443-599E4D4F0533}"
EndProject
Project("{FAE04EC0-301F-11D3-BF4B-00C04F79EFBC}") = "Day5Ex1", "Day5Ex1\Day5Ex1.csproj", "{AE8F6D43-3A15-4A54-869D-4727F239F9EB}"
EndProject
Project("{FAE04EC0-301F-11D3-BF4B-00C04F79EFBC}") = "Day5Ex2", "Day5Ex2\Day5Ex2.csproj", "{F00E70B9-0080-4AFF-805F-320988149F35}"
EndProject
Project("{FAE04EC0-301F-11D3-BF4B-00C04F79EFBC}") = "Day6Ex1", "Day6Ex1\Day6Ex1.csproj", "{D2A32B99-AE67-402B-AAD3-7BF45D2F5E71}"
EndProject
Project("{FAE04EC0-301F-11D3-BF4B-00C04F79EFBC}") = "Day6Ex2", "Day6Ex2\Day6Ex2.csproj", "{7505BCE5-5D06-449D-8286-91C5A212A0CA}"
EndProject
Project("{FAE04EC0-301F-11D3-BF4B-00C04F79EFBC}") = "Day7Ex1", "Day7Ex1\Day7Ex1.csproj", "{6C110CDA-B90C-4BC2-A31B-9D3A025D4088}"
EndProject
Project("{FAE04EC0-301F-11D3-BF4B-00C04F79EFBC}") = "Day7Ex2", "Day7Ex2\Day7Ex2.csproj", "{8CA17362-E1C9-4B89-9998-8E8CF63879E3}"
EndProject
Project("{FAE04EC0-301F-11D3-BF4B-00C04F79EFBC}") = "Day8Ex1", "Day8Ex1\Day8Ex1.csproj", "{42D5ADD9-84D1-44B9-9F11-9682F15AEDFC}"
EndProject
Project("{FAE04EC0-301F-11D3-BF4B-00C04F79EFBC}") = "Day8Ex2", "Day8Ex2\Day8Ex2.csproj", "{8EF78D33-BC6C-468B-B614-0D991C977D23}"
EndProject
Project("{FAE04EC0-301F-11D3-BF4B-00C04F79EFBC}") = "Day9Ex1", "Day9Ex1\Day9Ex1.csproj", "{E1CB3CA1-E8D1-4425-B01F-BE5C038AE1C4}"
EndProject
Project("{FAE04EC0-301F-11D3-BF4B-00C04F79EFBC}") = "Day9Ex2", "Day9Ex2\Day9Ex2.csproj", "{B09A6C5F-990E-4F81-9949-7874835F92F9}"
EndProject
Project("{FAE04EC0-301F-11D3-BF4B-00C04F79EFBC}") = "Day10Ex1", "Day10Ex1\Day10Ex1.csproj", "{90F9E943-2C1F-4C5D-97D1-834884E29EEA}"
EndProject
Project("{FAE04EC0-301F-11D3-BF4B-00C04F79EFBC}") = "Day10Ex2", "Day10Ex2\Day10Ex2.csproj", "{E62C932D-DD63-4945-91EE-D401FF914C2A}"
EndProject
Project("{FAE04EC0-301F-11D3-BF4B-00C04F79EFBC}") = "Day11Ex1", "Day11Ex1\Day11Ex1.csproj", "{6F5929F8-C657-4F60-9189-EA7BB73FF473}"
EndProject
Project("{FAE04EC0-301F-11D3-BF4B-00C04F79EFBC}") = "Day11Ex2", "Day11Ex2\Day11Ex2.csproj", "{567B2FE2-B1AD-4808-93E3-E39AC42191B0}"
EndProject
Project("{FAE04EC0-301F-11D3-BF4B-00C04F79EFBC}") = "Day12Ex1", "Day12Ex1\Day12Ex1.csproj", "{ED13F25F-5D8C-4AE9-8280-636D4AAA5208}"
EndProject
Project("{FAE04EC0-301F-11D3-BF4B-00C04F79EFBC}") = "Day12Ex2", "Day12Ex2\Day12Ex2.csproj", "{2CF1D05D-A8E4-44BE-9547-6ED2D3DB16C2}"
EndProject
Project("{FAE04EC0-301F-11D3-BF4B-00C04F79EFBC}") = "Day13Ex1", "Day13Ex1\Day13Ex1.csproj", "{90637CDD-03DB-4D24-BC2B-32FBBD41D55B}"
EndProject
Global
	GlobalSection(SolutionConfigurationPlatforms) = preSolution
		Debug|Any CPU = Debug|Any CPU
		Release|Any CPU = Release|Any CPU
	EndGlobalSection
	GlobalSection(ProjectConfigurationPlatforms) = postSolution
		{39CE891E-BD6E-41AE-B111-8B0972E35E93}.Debug|Any CPU.ActiveCfg = Debug|Any CPU
		{39CE891E-BD6E-41AE-B111-8B0972E35E93}.Debug|Any CPU.Build.0 = Debug|Any CPU
		{39CE891E-BD6E-41AE-B111-8B0972E35E93}.Release|Any CPU.ActiveCfg = Release|Any CPU
		{39CE891E-BD6E-41AE-B111-8B0972E35E93}.Release|Any CPU.Build.0 = Release|Any CPU
		{C12F4078-952C-4033-B776-F676BCBFF468}.Debug|Any CPU.ActiveCfg = Debug|Any CPU
		{C12F4078-952C-4033-B776-F676BCBFF468}.Debug|Any CPU.Build.0 = Debug|Any CPU
		{C12F4078-952C-4033-B776-F676BCBFF468}.Release|Any CPU.ActiveCfg = Release|Any CPU
		{C12F4078-952C-4033-B776-F676BCBFF468}.Release|Any CPU.Build.0 = Release|Any CPU
		{0AF40665-C1D9-416E-BCE9-D948949D4E30}.Debug|Any CPU.ActiveCfg = Debug|Any CPU
		{0AF40665-C1D9-416E-BCE9-D948949D4E30}.Debug|Any CPU.Build.0 = Debug|Any CPU
		{0AF40665-C1D9-416E-BCE9-D948949D4E30}.Release|Any CPU.ActiveCfg = Release|Any CPU
		{0AF40665-C1D9-416E-BCE9-D948949D4E30}.Release|Any CPU.Build.0 = Release|Any CPU
		{BA30FF11-BC41-4213-99EB-7E098653745F}.Debug|Any CPU.ActiveCfg = Debug|Any CPU
		{BA30FF11-BC41-4213-99EB-7E098653745F}.Debug|Any CPU.Build.0 = Debug|Any CPU
		{BA30FF11-BC41-4213-99EB-7E098653745F}.Release|Any CPU.ActiveCfg = Release|Any CPU
		{BA30FF11-BC41-4213-99EB-7E098653745F}.Release|Any CPU.Build.0 = Release|Any CPU
		{338DC37E-33B9-464E-B2B2-22B76522DB63}.Debug|Any CPU.ActiveCfg = Debug|Any CPU
		{338DC37E-33B9-464E-B2B2-22B76522DB63}.Debug|Any CPU.Build.0 = Debug|Any CPU
		{338DC37E-33B9-464E-B2B2-22B76522DB63}.Release|Any CPU.ActiveCfg = Release|Any CPU
		{338DC37E-33B9-464E-B2B2-22B76522DB63}.Release|Any CPU.Build.0 = Release|Any CPU
		{25B951ED-7265-4593-AE26-5FBE20F68774}.Debug|Any CPU.ActiveCfg = Debug|Any CPU
		{25B951ED-7265-4593-AE26-5FBE20F68774}.Debug|Any CPU.Build.0 = Debug|Any CPU
		{25B951ED-7265-4593-AE26-5FBE20F68774}.Release|Any CPU.ActiveCfg = Release|Any CPU
		{25B951ED-7265-4593-AE26-5FBE20F68774}.Release|Any CPU.Build.0 = Release|Any CPU
		{B01C933C-4F03-4D4B-883D-699F04AF62A0}.Debug|Any CPU.ActiveCfg = Debug|Any CPU
		{B01C933C-4F03-4D4B-883D-699F04AF62A0}.Debug|Any CPU.Build.0 = Debug|Any CPU
		{B01C933C-4F03-4D4B-883D-699F04AF62A0}.Release|Any CPU.ActiveCfg = Release|Any CPU
		{B01C933C-4F03-4D4B-883D-699F04AF62A0}.Release|Any CPU.Build.0 = Release|Any CPU
		{8FEA4EBE-FFFB-482E-9443-599E4D4F0533}.Debug|Any CPU.ActiveCfg = Debug|Any CPU
		{8FEA4EBE-FFFB-482E-9443-599E4D4F0533}.Debug|Any CPU.Build.0 = Debug|Any CPU
		{8FEA4EBE-FFFB-482E-9443-599E4D4F0533}.Release|Any CPU.ActiveCfg = Release|Any CPU
		{8FEA4EBE-FFFB-482E-9443-599E4D4F0533}.Release|Any CPU.Build.0 = Release|Any CPU
		{AE8F6D43-3A15-4A54-869D-4727F239F9EB}.Debug|Any CPU.ActiveCfg = Debug|Any CPU
		{AE8F6D43-3A15-4A54-869D-4727F239F9EB}.Debug|Any CPU.Build.0 = Debug|Any CPU
		{AE8F6D43-3A15-4A54-869D-4727F239F9EB}.Release|Any CPU.ActiveCfg = Release|Any CPU
		{AE8F6D43-3A15-4A54-869D-4727F239F9EB}.Release|Any CPU.Build.0 = Release|Any CPU
		{F00E70B9-0080-4AFF-805F-320988149F35}.Debug|Any CPU.ActiveCfg = Debug|Any CPU
		{F00E70B9-0080-4AFF-805F-320988149F35}.Debug|Any CPU.Build.0 = Debug|Any CPU
		{F00E70B9-0080-4AFF-805F-320988149F35}.Release|Any CPU.ActiveCfg = Release|Any CPU
		{F00E70B9-0080-4AFF-805F-320988149F35}.Release|Any CPU.Build.0 = Release|Any CPU
		{D2A32B99-AE67-402B-AAD3-7BF45D2F5E71}.Debug|Any CPU.ActiveCfg = Debug|Any CPU
		{D2A32B99-AE67-402B-AAD3-7BF45D2F5E71}.Debug|Any CPU.Build.0 = Debug|Any CPU
		{D2A32B99-AE67-402B-AAD3-7BF45D2F5E71}.Release|Any CPU.ActiveCfg = Release|Any CPU
		{D2A32B99-AE67-402B-AAD3-7BF45D2F5E71}.Release|Any CPU.Build.0 = Release|Any CPU
		{7505BCE5-5D06-449D-8286-91C5A212A0CA}.Debug|Any CPU.ActiveCfg = Debug|Any CPU
		{7505BCE5-5D06-449D-8286-91C5A212A0CA}.Debug|Any CPU.Build.0 = Debug|Any CPU
		{7505BCE5-5D06-449D-8286-91C5A212A0CA}.Release|Any CPU.ActiveCfg = Release|Any CPU
		{7505BCE5-5D06-449D-8286-91C5A212A0CA}.Release|Any CPU.Build.0 = Release|Any CPU
		{6C110CDA-B90C-4BC2-A31B-9D3A025D4088}.Debug|Any CPU.ActiveCfg = Debug|Any CPU
		{6C110CDA-B90C-4BC2-A31B-9D3A025D4088}.Debug|Any CPU.Build.0 = Debug|Any CPU
		{6C110CDA-B90C-4BC2-A31B-9D3A025D4088}.Release|Any CPU.ActiveCfg = Release|Any CPU
		{6C110CDA-B90C-4BC2-A31B-9D3A025D4088}.Release|Any CPU.Build.0 = Release|Any CPU
		{8CA17362-E1C9-4B89-9998-8E8CF63879E3}.Debug|Any CPU.ActiveCfg = Debug|Any CPU
		{8CA17362-E1C9-4B89-9998-8E8CF63879E3}.Debug|Any CPU.Build.0 = Debug|Any CPU
		{8CA17362-E1C9-4B89-9998-8E8CF63879E3}.Release|Any CPU.ActiveCfg = Release|Any CPU
		{8CA17362-E1C9-4B89-9998-8E8CF63879E3}.Release|Any CPU.Build.0 = Release|Any CPU
		{42D5ADD9-84D1-44B9-9F11-9682F15AEDFC}.Debug|Any CPU.ActiveCfg = Debug|Any CPU
		{42D5ADD9-84D1-44B9-9F11-9682F15AEDFC}.Debug|Any CPU.Build.0 = Debug|Any CPU
		{42D5ADD9-84D1-44B9-9F11-9682F15AEDFC}.Release|Any CPU.ActiveCfg = Release|Any CPU
		{42D5ADD9-84D1-44B9-9F11-9682F15AEDFC}.Release|Any CPU.Build.0 = Release|Any CPU
		{8EF78D33-BC6C-468B-B614-0D991C977D23}.Debug|Any CPU.ActiveCfg = Debug|Any CPU
		{8EF78D33-BC6C-468B-B614-0D991C977D23}.Debug|Any CPU.Build.0 = Debug|Any CPU
		{8EF78D33-BC6C-468B-B614-0D991C977D23}.Release|Any CPU.ActiveCfg = Release|Any CPU
		{8EF78D33-BC6C-468B-B614-0D991C977D23}.Release|Any CPU.Build.0 = Release|Any CPU
		{E1CB3CA1-E8D1-4425-B01F-BE5C038AE1C4}.Debug|Any CPU.ActiveCfg = Debug|Any CPU
		{E1CB3CA1-E8D1-4425-B01F-BE5C038AE1C4}.Debug|Any CPU.Build.0 = Debug|Any CPU
		{E1CB3CA1-E8D1-4425-B01F-BE5C038AE1C4}.Release|Any CPU.ActiveCfg = Release|Any CPU
		{E1CB3CA1-E8D1-4425-B01F-BE5C038AE1C4}.Release|Any CPU.Build.0 = Release|Any CPU
		{B09A6C5F-990E-4F81-9949-7874835F92F9}.Debug|Any CPU.ActiveCfg = Debug|Any CPU
		{B09A6C5F-990E-4F81-9949-7874835F92F9}.Debug|Any CPU.Build.0 = Debug|Any CPU
		{B09A6C5F-990E-4F81-9949-7874835F92F9}.Release|Any CPU.ActiveCfg = Release|Any CPU
		{B09A6C5F-990E-4F81-9949-7874835F92F9}.Release|Any CPU.Build.0 = Release|Any CPU
		{90F9E943-2C1F-4C5D-97D1-834884E29EEA}.Debug|Any CPU.ActiveCfg = Debug|Any CPU
		{90F9E943-2C1F-4C5D-97D1-834884E29EEA}.Debug|Any CPU.Build.0 = Debug|Any CPU
		{90F9E943-2C1F-4C5D-97D1-834884E29EEA}.Release|Any CPU.ActiveCfg = Release|Any CPU
		{90F9E943-2C1F-4C5D-97D1-834884E29EEA}.Release|Any CPU.Build.0 = Release|Any CPU
		{E62C932D-DD63-4945-91EE-D401FF914C2A}.Debug|Any CPU.ActiveCfg = Debug|Any CPU
		{E62C932D-DD63-4945-91EE-D401FF914C2A}.Debug|Any CPU.Build.0 = Debug|Any CPU
		{E62C932D-DD63-4945-91EE-D401FF914C2A}.Release|Any CPU.ActiveCfg = Release|Any CPU
		{E62C932D-DD63-4945-91EE-D401FF914C2A}.Release|Any CPU.Build.0 = Release|Any CPU
		{6F5929F8-C657-4F60-9189-EA7BB73FF473}.Debug|Any CPU.ActiveCfg = Debug|Any CPU
		{6F5929F8-C657-4F60-9189-EA7BB73FF473}.Debug|Any CPU.Build.0 = Debug|Any CPU
		{6F5929F8-C657-4F60-9189-EA7BB73FF473}.Release|Any CPU.ActiveCfg = Release|Any CPU
		{6F5929F8-C657-4F60-9189-EA7BB73FF473}.Release|Any CPU.Build.0 = Release|Any CPU
		{567B2FE2-B1AD-4808-93E3-E39AC42191B0}.Debug|Any CPU.ActiveCfg = Debug|Any CPU
		{567B2FE2-B1AD-4808-93E3-E39AC42191B0}.Debug|Any CPU.Build.0 = Debug|Any CPU
		{567B2FE2-B1AD-4808-93E3-E39AC42191B0}.Release|Any CPU.ActiveCfg = Release|Any CPU
		{567B2FE2-B1AD-4808-93E3-E39AC42191B0}.Release|Any CPU.Build.0 = Release|Any CPU
		{ED13F25F-5D8C-4AE9-8280-636D4AAA5208}.Debug|Any CPU.ActiveCfg = Debug|Any CPU
		{ED13F25F-5D8C-4AE9-8280-636D4AAA5208}.Debug|Any CPU.Build.0 = Debug|Any CPU
		{ED13F25F-5D8C-4AE9-8280-636D4AAA5208}.Release|Any CPU.ActiveCfg = Release|Any CPU
		{ED13F25F-5D8C-4AE9-8280-636D4AAA5208}.Release|Any CPU.Build.0 = Release|Any CPU
		{2CF1D05D-A8E4-44BE-9547-6ED2D3DB16C2}.Debug|Any CPU.ActiveCfg = Debug|Any CPU
		{2CF1D05D-A8E4-44BE-9547-6ED2D3DB16C2}.Debug|Any CPU.Build.0 = Debug|Any CPU
		{2CF1D05D-A8E4-44BE-9547-6ED2D3DB16C2}.Release|Any CPU.ActiveCfg = Release|Any CPU
		{2CF1D05D-A8E4-44BE-9547-6ED2D3DB16C2}.Release|Any CPU.Build.0 = Release|Any CPU
		{90637CDD-03DB-4D24-BC2B-32FBBD41D55B}.Debug|Any CPU.ActiveCfg = Debug|Any CPU
		{90637CDD-03DB-4D24-BC2B-32FBBD41D55B}.Debug|Any CPU.Build.0 = Debug|Any CPU
		{90637CDD-03DB-4D24-BC2B-32FBBD41D55B}.Release|Any CPU.ActiveCfg = Release|Any CPU
		{90637CDD-03DB-4D24-BC2B-32FBBD41D55B}.Release|Any CPU.Build.0 = Release|Any CPU
	EndGlobalSection
EndGlobal
