
Microsoft Visual Studio Solution File, Format Version 12.00
Project("{FAE04EC0-301F-11D3-BF4B-00C04F79EFBC}") = "Day1Ex1", "Day1Ex1\Day1Ex1.csproj", "{39CE891E-BD6E-41AE-B111-8B0972E35E93}"
EndProject
Project("{FAE04EC0-301F-11D3-BF4B-00C04F79EFBC}") = "Day1Ex2", "Day1Ex2\Day1Ex2.csproj", "{C12F4078-952C-4033-B776-F676BCBFF468}"
EndProject
Project("{FAE04EC0-301F-11D3-BF4B-00C04F79EFBC}") = "Day2Ex1", "Day2Ex1\Day2Ex1.csproj", "{0AF40665-C1D9-416E-BCE9-D948949D4E30}"
EndProject
Project("{FAE04EC0-301F-11D3-BF4B-00C04F79EFBC}") = "Day2Ex2", "Day2Ex2\Day2Ex2.csproj", "{BA30FF11-BC41-4213-99EB-7E098653745F}"
EndProject
Project("{FAE04EC0-301F-11D3-BF4B-00C04F79EFBC}") = "Day3Ex1", "Day3Ex1\Day3Ex1.csproj", "{338DC37E-33B9-464E-B2B2-22B76522DB63}"
EndProject
Project("{FAE04EC0-301F-11D3-BF4B-00C04F79EFBC}") = "Day3Ex2", "Day3Ex2\Day3Ex2.csproj", "{25B951ED-7265-4593-AE26-5FBE20F68774}"
EndProject
Project("{FAE04EC0-301F-11D3-BF4B-00C04F79EFBC}") = "Day4Ex1", "Day4Ex1\Day4Ex1.csproj", "{B01C933C-4F03-4D4B-883D-699F04AF62A0}"
EndProject
Project("{FAE04EC0-301F-11D3-BF4B-00C04F79EFBC}") = "Day4Ex2", "Day4Ex2\Day4Ex2.csproj", "{8FEA4EBE-FFFB-482E-9443-599E4D4F0533}"
EndProject
Project("{FAE04EC0-301F-11D3-BF4B-00C04F79EFBC}") = "Day5Ex1", "Day5Ex1\Day5Ex1.csproj", "{AE8F6D43-3A15-4A54-869D-4727F239F9EB}"
EndProject
Project("{FAE04EC0-301F-11D3-BF4B-00C04F79EFBC}") = "Day5Ex2", "Day5Ex2\Day5Ex2.csproj", "{F00E70B9-0080-4AFF-805F-320988149F35}"
EndProject
Global
	GlobalSection(SolutionConfigurationPlatforms) = preSolution
		Debug|Any CPU = Debug|Any CPU
		Release|Any CPU = Release|Any CPU
	EndGlobalSection
	GlobalSection(ProjectConfigurationPlatforms) = postSolution
		{39CE891E-BD6E-41AE-B111-8B0972E35E93}.Debug|Any CPU.ActiveCfg = Debug|Any CPU
		{39CE891E-BD6E-41AE-B111-8B0972E35E93}.Debug|Any CPU.Build.0 = Debug|Any CPU
		{39CE891E-BD6E-41AE-B111-8B0972E35E93}.Release|Any CPU.ActiveCfg = Release|Any CPU
		{39CE891E-BD6E-41AE-B111-8B0972E35E93}.Release|Any CPU.Build.0 = Release|Any CPU
		{C12F4078-952C-4033-B776-F676BCBFF468}.Debug|Any CPU.ActiveCfg = Debug|Any CPU
		{C12F4078-952C-4033-B776-F676BCBFF468}.Debug|Any CPU.Build.0 = Debug|Any CPU
		{C12F4078-952C-4033-B776-F676BCBFF468}.Release|Any CPU.ActiveCfg = Release|Any CPU
		{C12F4078-952C-4033-B776-F676BCBFF468}.Release|Any CPU.Build.0 = Release|Any CPU
		{0AF40665-C1D9-416E-BCE9-D948949D4E30}.Debug|Any CPU.ActiveCfg = Debug|Any CPU
		{0AF40665-C1D9-416E-BCE9-D948949D4E30}.Debug|Any CPU.Build.0 = Debug|Any CPU
		{0AF40665-C1D9-416E-BCE9-D948949D4E30}.Release|Any CPU.ActiveCfg = Release|Any CPU
		{0AF40665-C1D9-416E-BCE9-D948949D4E30}.Release|Any CPU.Build.0 = Release|Any CPU
		{BA30FF11-BC41-4213-99EB-7E098653745F}.Debug|Any CPU.ActiveCfg = Debug|Any CPU
		{BA30FF11-BC41-4213-99EB-7E098653745F}.Debug|Any CPU.Build.0 = Debug|Any CPU
		{BA30FF11-BC41-4213-99EB-7E098653745F}.Release|Any CPU.ActiveCfg = Release|Any CPU
		{BA30FF11-BC41-4213-99EB-7E098653745F}.Release|Any CPU.Build.0 = Release|Any CPU
		{338DC37E-33B9-464E-B2B2-22B76522DB63}.Debug|Any CPU.ActiveCfg = Debug|Any CPU
		{338DC37E-33B9-464E-B2B2-22B76522DB63}.Debug|Any CPU.Build.0 = Debug|Any CPU
		{338DC37E-33B9-464E-B2B2-22B76522DB63}.Release|Any CPU.ActiveCfg = Release|Any CPU
		{338DC37E-33B9-464E-B2B2-22B76522DB63}.Release|Any CPU.Build.0 = Release|Any CPU
		{25B951ED-7265-4593-AE26-5FBE20F68774}.Debug|Any CPU.ActiveCfg = Debug|Any CPU
		{25B951ED-7265-4593-AE26-5FBE20F68774}.Debug|Any CPU.Build.0 = Debug|Any CPU
		{25B951ED-7265-4593-AE26-5FBE20F68774}.Release|Any CPU.ActiveCfg = Release|Any CPU
		{25B951ED-7265-4593-AE26-5FBE20F68774}.Release|Any CPU.Build.0 = Release|Any CPU
		{B01C933C-4F03-4D4B-883D-699F04AF62A0}.Debug|Any CPU.ActiveCfg = Debug|Any CPU
		{B01C933C-4F03-4D4B-883D-699F04AF62A0}.Debug|Any CPU.Build.0 = Debug|Any CPU
		{B01C933C-4F03-4D4B-883D-699F04AF62A0}.Release|Any CPU.ActiveCfg = Release|Any CPU
		{B01C933C-4F03-4D4B-883D-699F04AF62A0}.Release|Any CPU.Build.0 = Release|Any CPU
		{8FEA4EBE-FFFB-482E-9443-599E4D4F0533}.Debug|Any CPU.ActiveCfg = Debug|Any CPU
		{8FEA4EBE-FFFB-482E-9443-599E4D4F0533}.Debug|Any CPU.Build.0 = Debug|Any CPU
		{8FEA4EBE-FFFB-482E-9443-599E4D4F0533}.Release|Any CPU.ActiveCfg = Release|Any CPU
		{8FEA4EBE-FFFB-482E-9443-599E4D4F0533}.Release|Any CPU.Build.0 = Release|Any CPU
		{AE8F6D43-3A15-4A54-869D-4727F239F9EB}.Debug|Any CPU.ActiveCfg = Debug|Any CPU
		{AE8F6D43-3A15-4A54-869D-4727F239F9EB}.Debug|Any CPU.Build.0 = Debug|Any CPU
		{AE8F6D43-3A15-4A54-869D-4727F239F9EB}.Release|Any CPU.ActiveCfg = Release|Any CPU
		{AE8F6D43-3A15-4A54-869D-4727F239F9EB}.Release|Any CPU.Build.0 = Release|Any CPU
		{F00E70B9-0080-4AFF-805F-320988149F35}.Debug|Any CPU.ActiveCfg = Debug|Any CPU
		{F00E70B9-0080-4AFF-805F-320988149F35}.Debug|Any CPU.Build.0 = Debug|Any CPU
		{F00E70B9-0080-4AFF-805F-320988149F35}.Release|Any CPU.ActiveCfg = Release|Any CPU
		{F00E70B9-0080-4AFF-805F-320988149F35}.Release|Any CPU.Build.0 = Release|Any CPU
	EndGlobalSection
EndGlobal
